// !$*UTF8*$!
{
	archiveVersion = 1;
	classes = {
	};
	objectVersion = 50;
	objects = {

/* Begin PBXBuildFile section */
		425665CE236B07D10010D1C4 /* Model.swift in Sources */ = {isa = PBXBuildFile; fileRef = 425665CC236B07D10010D1C4 /* Model.swift */; };
		425665CF236B07D10010D1C4 /* Team.swift in Sources */ = {isa = PBXBuildFile; fileRef = 425665CD236B07D10010D1C4 /* Team.swift */; };
		AF02D5F32373025F00FB3304 /* FaustoKit in Resources */ = {isa = PBXBuildFile; fileRef = AF02D5F22373025E00FB3304 /* FaustoKit */; };
		AF02D5F623730A6C00FB3304 /* character in Resources */ = {isa = PBXBuildFile; fileRef = AF02D5F523730A6C00FB3304 /* character */; };
		D410C2A22361E3E000C1973D /* AppDelegate.swift in Sources */ = {isa = PBXBuildFile; fileRef = D410C2A12361E3E000C1973D /* AppDelegate.swift */; };
		D410C2A42361E3E000C1973D /* SceneDelegate.swift in Sources */ = {isa = PBXBuildFile; fileRef = D410C2A32361E3E000C1973D /* SceneDelegate.swift */; };
		D410C2A62361E3E000C1973D /* ViewController.swift in Sources */ = {isa = PBXBuildFile; fileRef = D410C2A52361E3E000C1973D /* ViewController.swift */; };
		D410C2A92361E3E000C1973D /* Main.storyboard in Resources */ = {isa = PBXBuildFile; fileRef = D410C2A72361E3E000C1973D /* Main.storyboard */; };
		D410C2AC2361E3E000C1973D /* GetReady.xcdatamodeld in Sources */ = {isa = PBXBuildFile; fileRef = D410C2AA2361E3E000C1973D /* GetReady.xcdatamodeld */; };
		D410C2AE2361E3E100C1973D /* Assets.xcassets in Resources */ = {isa = PBXBuildFile; fileRef = D410C2AD2361E3E100C1973D /* Assets.xcassets */; };
		D410C2B12361E3E100C1973D /* LaunchScreen.storyboard in Resources */ = {isa = PBXBuildFile; fileRef = D410C2AF2361E3E100C1973D /* LaunchScreen.storyboard */; };
		D45BCEEE23632DE500792A89 /* Alwyn New Rounded Bold.otf in Resources */ = {isa = PBXBuildFile; fileRef = D45BCEED23632DE500792A89 /* Alwyn New Rounded Bold.otf */; };
		D45BCEF02363316D00792A89 /* WinViewController.swift in Sources */ = {isa = PBXBuildFile; fileRef = D45BCEEF2363316D00792A89 /* WinViewController.swift */; };
		D4F992302369BFBF002C5312 /* PrintExtension.swift in Sources */ = {isa = PBXBuildFile; fileRef = D4F9922F2369BFBF002C5312 /* PrintExtension.swift */; };
		D4F992322369CB6E002C5312 /* TutorialViewController.swift in Sources */ = {isa = PBXBuildFile; fileRef = D4F992312369CB6E002C5312 /* TutorialViewController.swift */; };
		D4F992342369CBEC002C5312 /* Slide.swift in Sources */ = {isa = PBXBuildFile; fileRef = D4F992332369CBEC002C5312 /* Slide.swift */; };
		D4F992362369CC70002C5312 /* Slide.xib in Resources */ = {isa = PBXBuildFile; fileRef = D4F992352369CC70002C5312 /* Slide.xib */; };
/* End PBXBuildFile section */

/* Begin PBXFileReference section */
		425665CC236B07D10010D1C4 /* Model.swift */ = {isa = PBXFileReference; fileEncoding = 4; lastKnownFileType = sourcecode.swift; path = Model.swift; sourceTree = "<group>"; };
		425665CD236B07D10010D1C4 /* Team.swift */ = {isa = PBXFileReference; fileEncoding = 4; lastKnownFileType = sourcecode.swift; path = Team.swift; sourceTree = "<group>"; };
		AF02D5F22373025E00FB3304 /* FaustoKit */ = {isa = PBXFileReference; lastKnownFileType = folder; path = FaustoKit; sourceTree = "<group>"; };
		AF02D5F523730A6C00FB3304 /* character */ = {isa = PBXFileReference; lastKnownFileType = folder; path = character; sourceTree = "<group>"; };
		D410C29E2361E3E000C1973D /* GetReady.app */ = {isa = PBXFileReference; explicitFileType = wrapper.application; includeInIndex = 0; path = GetReady.app; sourceTree = BUILT_PRODUCTS_DIR; };
		D410C2A12361E3E000C1973D /* AppDelegate.swift */ = {isa = PBXFileReference; lastKnownFileType = sourcecode.swift; path = AppDelegate.swift; sourceTree = "<group>"; };
		D410C2A32361E3E000C1973D /* SceneDelegate.swift */ = {isa = PBXFileReference; lastKnownFileType = sourcecode.swift; path = SceneDelegate.swift; sourceTree = "<group>"; };
		D410C2A52361E3E000C1973D /* ViewController.swift */ = {isa = PBXFileReference; lastKnownFileType = sourcecode.swift; path = ViewController.swift; sourceTree = "<group>"; };
		D410C2A82361E3E000C1973D /* Base */ = {isa = PBXFileReference; lastKnownFileType = file.storyboard; name = Base; path = Base.lproj/Main.storyboard; sourceTree = "<group>"; };
		D410C2AB2361E3E000C1973D /* GetReady.xcdatamodel */ = {isa = PBXFileReference; lastKnownFileType = wrapper.xcdatamodel; path = GetReady.xcdatamodel; sourceTree = "<group>"; };
		D410C2AD2361E3E100C1973D /* Assets.xcassets */ = {isa = PBXFileReference; lastKnownFileType = folder.assetcatalog; path = Assets.xcassets; sourceTree = "<group>"; };
		D410C2B02361E3E100C1973D /* Base */ = {isa = PBXFileReference; lastKnownFileType = file.storyboard; name = Base; path = Base.lproj/LaunchScreen.storyboard; sourceTree = "<group>"; };
		D410C2B22361E3E100C1973D /* Info.plist */ = {isa = PBXFileReference; lastKnownFileType = text.plist.xml; path = Info.plist; sourceTree = "<group>"; };
		D45BCEED23632DE500792A89 /* Alwyn New Rounded Bold.otf */ = {isa = PBXFileReference; lastKnownFileType = file; path = "Alwyn New Rounded Bold.otf"; sourceTree = "<group>"; };
		D45BCEEF2363316D00792A89 /* WinViewController.swift */ = {isa = PBXFileReference; lastKnownFileType = sourcecode.swift; path = WinViewController.swift; sourceTree = "<group>"; };
		D4F9922F2369BFBF002C5312 /* PrintExtension.swift */ = {isa = PBXFileReference; lastKnownFileType = sourcecode.swift; path = PrintExtension.swift; sourceTree = "<group>"; };
		D4F992312369CB6E002C5312 /* TutorialViewController.swift */ = {isa = PBXFileReference; lastKnownFileType = sourcecode.swift; path = TutorialViewController.swift; sourceTree = "<group>"; };
		D4F992332369CBEC002C5312 /* Slide.swift */ = {isa = PBXFileReference; lastKnownFileType = sourcecode.swift; path = Slide.swift; sourceTree = "<group>"; };
		D4F992352369CC70002C5312 /* Slide.xib */ = {isa = PBXFileReference; lastKnownFileType = file.xib; path = Slide.xib; sourceTree = "<group>"; };
/* End PBXFileReference section */

/* Begin PBXFrameworksBuildPhase section */
		D410C29B2361E3E000C1973D /* Frameworks */ = {
			isa = PBXFrameworksBuildPhase;
			buildActionMask = 2147483647;
			files = (
			);
			runOnlyForDeploymentPostprocessing = 0;
		};
/* End PBXFrameworksBuildPhase section */

/* Begin PBXGroup section */
		D410C2952361E3E000C1973D = {
			isa = PBXGroup;
			children = (
				AF02D5F523730A6C00FB3304 /* character */,
				AF02D5F22373025E00FB3304 /* FaustoKit */,
				D410C2A02361E3E000C1973D /* GetReady */,
				D410C2B923631C0A00C1973D /* View */,
				D410C2B823631BFA00C1973D /* Model */,
				D4F9922E2369BF81002C5312 /* Extension */,
				D410C2BA23631C1200C1973D /* Controller */,
				D45BCEEC23632D5A00792A89 /* font */,
				D410C29F2361E3E000C1973D /* Products */,
			);
			sourceTree = "<group>";
		};
		D410C29F2361E3E000C1973D /* Products */ = {
			isa = PBXGroup;
			children = (
				D410C29E2361E3E000C1973D /* GetReady.app */,
			);
			name = Products;
			sourceTree = "<group>";
		};
		D410C2A02361E3E000C1973D /* GetReady */ = {
			isa = PBXGroup;
			children = (
				D410C2B22361E3E100C1973D /* Info.plist */,
				D410C2AA2361E3E000C1973D /* GetReady.xcdatamodeld */,
				D410C2A12361E3E000C1973D /* AppDelegate.swift */,
				D410C2A32361E3E000C1973D /* SceneDelegate.swift */,
			);
			path = GetReady;
			sourceTree = "<group>";
		};
		D410C2B823631BFA00C1973D /* Model */ = {
			isa = PBXGroup;
			children = (
				425665CC236B07D10010D1C4 /* Model.swift */,
				425665CD236B07D10010D1C4 /* Team.swift */,
			);
			path = Model;
			sourceTree = "<group>";
		};
		D410C2B923631C0A00C1973D /* View */ = {
			isa = PBXGroup;
			children = (
				D410C2A72361E3E000C1973D /* Main.storyboard */,
				D410C2AD2361E3E100C1973D /* Assets.xcassets */,
				D410C2AF2361E3E100C1973D /* LaunchScreen.storyboard */,
				D4F992352369CC70002C5312 /* Slide.xib */,
				D4F992332369CBEC002C5312 /* Slide.swift */,
			);
			path = View;
			sourceTree = "<group>";
		};
		D410C2BA23631C1200C1973D /* Controller */ = {
			isa = PBXGroup;
			children = (
				D410C2A52361E3E000C1973D /* ViewController.swift */,
				D45BCEEF2363316D00792A89 /* WinViewController.swift */,
				D4F992312369CB6E002C5312 /* TutorialViewController.swift */,
			);
			path = Controller;
			sourceTree = "<group>";
		};
		D45BCEEC23632D5A00792A89 /* font */ = {
			isa = PBXGroup;
			children = (
				D45BCEED23632DE500792A89 /* Alwyn New Rounded Bold.otf */,
			);
			path = font;
			sourceTree = "<group>";
		};
		D4F9922E2369BF81002C5312 /* Extension */ = {
			isa = PBXGroup;
			children = (
				D4F9922F2369BFBF002C5312 /* PrintExtension.swift */,
			);
			path = Extension;
			sourceTree = "<group>";
		};
/* End PBXGroup section */

/* Begin PBXNativeTarget section */
		D410C29D2361E3E000C1973D /* GetReady */ = {
			isa = PBXNativeTarget;
			buildConfigurationList = D410C2B52361E3E100C1973D /* Build configuration list for PBXNativeTarget "GetReady" */;
			buildPhases = (
				D410C29A2361E3E000C1973D /* Sources */,
				D410C29B2361E3E000C1973D /* Frameworks */,
				D410C29C2361E3E000C1973D /* Resources */,
			);
			buildRules = (
			);
			dependencies = (
			);
			name = GetReady;
			productName = GetReady;
			productReference = D410C29E2361E3E000C1973D /* GetReady.app */;
			productType = "com.apple.product-type.application";
		};
/* End PBXNativeTarget section */

/* Begin PBXProject section */
		D410C2962361E3E000C1973D /* Project object */ = {
			isa = PBXProject;
			attributes = {
				LastSwiftUpdateCheck = 1110;
				LastUpgradeCheck = 1110;
				ORGANIZATIONNAME = "leonardo palinkas";
				TargetAttributes = {
					D410C29D2361E3E000C1973D = {
						CreatedOnToolsVersion = 11.1;
					};
				};
			};
			buildConfigurationList = D410C2992361E3E000C1973D /* Build configuration list for PBXProject "GetReady" */;
			compatibilityVersion = "Xcode 9.3";
			developmentRegion = en;
			hasScannedForEncodings = 0;
			knownRegions = (
				en,
				Base,
			);
			mainGroup = D410C2952361E3E000C1973D;
			productRefGroup = D410C29F2361E3E000C1973D /* Products */;
			projectDirPath = "";
			projectRoot = "";
			targets = (
				D410C29D2361E3E000C1973D /* GetReady */,
			);
		};
/* End PBXProject section */

/* Begin PBXResourcesBuildPhase section */
		D410C29C2361E3E000C1973D /* Resources */ = {
			isa = PBXResourcesBuildPhase;
			buildActionMask = 2147483647;
			files = (
				D4F992362369CC70002C5312 /* Slide.xib in Resources */,
				AF02D5F32373025F00FB3304 /* FaustoKit in Resources */,
				D45BCEEE23632DE500792A89 /* Alwyn New Rounded Bold.otf in Resources */,
				D410C2B12361E3E100C1973D /* LaunchScreen.storyboard in Resources */,
				AF02D5F623730A6C00FB3304 /* character in Resources */,
				D410C2AE2361E3E100C1973D /* Assets.xcassets in Resources */,
				D410C2A92361E3E000C1973D /* Main.storyboard in Resources */,
			);
			runOnlyForDeploymentPostprocessing = 0;
		};
/* End PBXResourcesBuildPhase section */

/* Begin PBXSourcesBuildPhase section */
		D410C29A2361E3E000C1973D /* Sources */ = {
			isa = PBXSourcesBuildPhase;
			buildActionMask = 2147483647;
			files = (
				425665CE236B07D10010D1C4 /* Model.swift in Sources */,
				D410C2A62361E3E000C1973D /* ViewController.swift in Sources */,
				D4F992322369CB6E002C5312 /* TutorialViewController.swift in Sources */,
				D410C2A22361E3E000C1973D /* AppDelegate.swift in Sources */,
				D45BCEF02363316D00792A89 /* WinViewController.swift in Sources */,
				D410C2AC2361E3E000C1973D /* GetReady.xcdatamodeld in Sources */,
				D410C2A42361E3E000C1973D /* SceneDelegate.swift in Sources */,
				D4F992302369BFBF002C5312 /* PrintExtension.swift in Sources */,
				425665CF236B07D10010D1C4 /* Team.swift in Sources */,
				D4F992342369CBEC002C5312 /* Slide.swift in Sources */,
			);
			runOnlyForDeploymentPostprocessing = 0;
		};
/* End PBXSourcesBuildPhase section */

/* Begin PBXVariantGroup section */
		D410C2A72361E3E000C1973D /* Main.storyboard */ = {
			isa = PBXVariantGroup;
			children = (
				D410C2A82361E3E000C1973D /* Base */,
			);
			name = Main.storyboard;
			sourceTree = "<group>";
		};
		D410C2AF2361E3E100C1973D /* LaunchScreen.storyboard */ = {
			isa = PBXVariantGroup;
			children = (
				D410C2B02361E3E100C1973D /* Base */,
			);
			name = LaunchScreen.storyboard;
			sourceTree = "<group>";
		};
/* End PBXVariantGroup section */

/* Begin XCBuildConfiguration section */
		D410C2B32361E3E100C1973D /* Debug */ = {
			isa = XCBuildConfiguration;
			buildSettings = {
				ALWAYS_SEARCH_USER_PATHS = NO;
				CLANG_ANALYZER_NONNULL = YES;
				CLANG_ANALYZER_NUMBER_OBJECT_CONVERSION = YES_AGGRESSIVE;
				CLANG_CXX_LANGUAGE_STANDARD = "gnu++14";
				CLANG_CXX_LIBRARY = "libc++";
				CLANG_ENABLE_MODULES = YES;
				CLANG_ENABLE_OBJC_ARC = YES;
				CLANG_ENABLE_OBJC_WEAK = YES;
				CLANG_WARN_BLOCK_CAPTURE_AUTORELEASING = YES;
				CLANG_WARN_BOOL_CONVERSION = YES;
				CLANG_WARN_COMMA = YES;
				CLANG_WARN_CONSTANT_CONVERSION = YES;
				CLANG_WARN_DEPRECATED_OBJC_IMPLEMENTATIONS = YES;
				CLANG_WARN_DIRECT_OBJC_ISA_USAGE = YES_ERROR;
				CLANG_WARN_DOCUMENTATION_COMMENTS = YES;
				CLANG_WARN_EMPTY_BODY = YES;
				CLANG_WARN_ENUM_CONVERSION = YES;
				CLANG_WARN_INFINITE_RECURSION = YES;
				CLANG_WARN_INT_CONVERSION = YES;
				CLANG_WARN_NON_LITERAL_NULL_CONVERSION = YES;
				CLANG_WARN_OBJC_IMPLICIT_RETAIN_SELF = YES;
				CLANG_WARN_OBJC_LITERAL_CONVERSION = YES;
				CLANG_WARN_OBJC_ROOT_CLASS = YES_ERROR;
				CLANG_WARN_RANGE_LOOP_ANALYSIS = YES;
				CLANG_WARN_STRICT_PROTOTYPES = YES;
				CLANG_WARN_SUSPICIOUS_MOVE = YES;
				CLANG_WARN_UNGUARDED_AVAILABILITY = YES_AGGRESSIVE;
				CLANG_WARN_UNREACHABLE_CODE = YES;
				CLANG_WARN__DUPLICATE_METHOD_MATCH = YES;
				COPY_PHASE_STRIP = NO;
				DEBUG_INFORMATION_FORMAT = dwarf;
				ENABLE_STRICT_OBJC_MSGSEND = YES;
				ENABLE_TESTABILITY = YES;
				GCC_C_LANGUAGE_STANDARD = gnu11;
				GCC_DYNAMIC_NO_PIC = NO;
				GCC_NO_COMMON_BLOCKS = YES;
				GCC_OPTIMIZATION_LEVEL = 0;
				GCC_PREPROCESSOR_DEFINITIONS = (
					"DEBUG=1",
					"$(inherited)",
				);
				GCC_WARN_64_TO_32_BIT_CONVERSION = YES;
				GCC_WARN_ABOUT_RETURN_TYPE = YES_ERROR;
				GCC_WARN_UNDECLARED_SELECTOR = YES;
				GCC_WARN_UNINITIALIZED_AUTOS = YES_AGGRESSIVE;
				GCC_WARN_UNUSED_FUNCTION = YES;
				GCC_WARN_UNUSED_VARIABLE = YES;
				IPHONEOS_DEPLOYMENT_TARGET = 13.1;
				MTL_ENABLE_DEBUG_INFO = INCLUDE_SOURCE;
				MTL_FAST_MATH = YES;
				ONLY_ACTIVE_ARCH = YES;
				SDKROOT = iphoneos;
				SWIFT_ACTIVE_COMPILATION_CONDITIONS = DEBUG;
				SWIFT_OPTIMIZATION_LEVEL = "-Onone";
			};
			name = Debug;
		};
		D410C2B42361E3E100C1973D /* Release */ = {
			isa = XCBuildConfiguration;
			buildSettings = {
				ALWAYS_SEARCH_USER_PATHS = NO;
				CLANG_ANALYZER_NONNULL = YES;
				CLANG_ANALYZER_NUMBER_OBJECT_CONVERSION = YES_AGGRESSIVE;
				CLANG_CXX_LANGUAGE_STANDARD = "gnu++14";
				CLANG_CXX_LIBRARY = "libc++";
				CLANG_ENABLE_MODULES = YES;
				CLANG_ENABLE_OBJC_ARC = YES;
				CLANG_ENABLE_OBJC_WEAK = YES;
				CLANG_WARN_BLOCK_CAPTURE_AUTORELEASING = YES;
				CLANG_WARN_BOOL_CONVERSION = YES;
				CLANG_WARN_COMMA = YES;
				CLANG_WARN_CONSTANT_CONVERSION = YES;
				CLANG_WARN_DEPRECATED_OBJC_IMPLEMENTATIONS = YES;
				CLANG_WARN_DIRECT_OBJC_ISA_USAGE = YES_ERROR;
				CLANG_WARN_DOCUMENTATION_COMMENTS = YES;
				CLANG_WARN_EMPTY_BODY = YES;
				CLANG_WARN_ENUM_CONVERSION = YES;
				CLANG_WARN_INFINITE_RECURSION = YES;
				CLANG_WARN_INT_CONVERSION = YES;
				CLANG_WARN_NON_LITERAL_NULL_CONVERSION = YES;
				CLANG_WARN_OBJC_IMPLICIT_RETAIN_SELF = YES;
				CLANG_WARN_OBJC_LITERAL_CONVERSION = YES;
				CLANG_WARN_OBJC_ROOT_CLASS = YES_ERROR;
				CLANG_WARN_RANGE_LOOP_ANALYSIS = YES;
				CLANG_WARN_STRICT_PROTOTYPES = YES;
				CLANG_WARN_SUSPICIOUS_MOVE = YES;
				CLANG_WARN_UNGUARDED_AVAILABILITY = YES_AGGRESSIVE;
				CLANG_WARN_UNREACHABLE_CODE = YES;
				CLANG_WARN__DUPLICATE_METHOD_MATCH = YES;
				COPY_PHASE_STRIP = NO;
				DEBUG_INFORMATION_FORMAT = "dwarf-with-dsym";
				ENABLE_NS_ASSERTIONS = NO;
				ENABLE_STRICT_OBJC_MSGSEND = YES;
				GCC_C_LANGUAGE_STANDARD = gnu11;
				GCC_NO_COMMON_BLOCKS = YES;
				GCC_WARN_64_TO_32_BIT_CONVERSION = YES;
				GCC_WARN_ABOUT_RETURN_TYPE = YES_ERROR;
				GCC_WARN_UNDECLARED_SELECTOR = YES;
				GCC_WARN_UNINITIALIZED_AUTOS = YES_AGGRESSIVE;
				GCC_WARN_UNUSED_FUNCTION = YES;
				GCC_WARN_UNUSED_VARIABLE = YES;
				IPHONEOS_DEPLOYMENT_TARGET = 13.1;
				MTL_ENABLE_DEBUG_INFO = NO;
				MTL_FAST_MATH = YES;
				SDKROOT = iphoneos;
				SWIFT_COMPILATION_MODE = wholemodule;
				SWIFT_OPTIMIZATION_LEVEL = "-O";
				VALIDATE_PRODUCT = YES;
			};
			name = Release;
		};
		D410C2B62361E3E100C1973D /* Debug */ = {
			isa = XCBuildConfiguration;
			buildSettings = {
				ASSETCATALOG_COMPILER_APPICON_NAME = AppIcon;
				CODE_SIGN_STYLE = Automatic;
				DEVELOPMENT_TEAM = Z8MNRFXXFD;
				INFOPLIST_FILE = GetReady/Info.plist;
				LD_RUNPATH_SEARCH_PATHS = (
					"$(inherited)",
					"@executable_path/Frameworks",
				);
				PRODUCT_BUNDLE_IDENTIFIER = leonardopalinkas.GetReady;
				PRODUCT_NAME = "$(TARGET_NAME)";
				SWIFT_VERSION = 5.0;
				TARGETED_DEVICE_FAMILY = "1,2";
			};
			name = Debug;
		};
		D410C2B72361E3E100C1973D /* Release */ = {
			isa = XCBuildConfiguration;
			buildSettings = {
				ASSETCATALOG_COMPILER_APPICON_NAME = AppIcon;
				CODE_SIGN_STYLE = Automatic;
				DEVELOPMENT_TEAM = Z8MNRFXXFD;
				INFOPLIST_FILE = GetReady/Info.plist;
				LD_RUNPATH_SEARCH_PATHS = (
					"$(inherited)",
					"@executable_path/Frameworks",
				);
				PRODUCT_BUNDLE_IDENTIFIER = leonardopalinkas.GetReady;
				PRODUCT_NAME = "$(TARGET_NAME)";
				SWIFT_VERSION = 5.0;
				TARGETED_DEVICE_FAMILY = "1,2";
			};
			name = Release;
		};
/* End XCBuildConfiguration section */

/* Begin XCConfigurationList section */
		D410C2992361E3E000C1973D /* Build configuration list for PBXProject "GetReady" */ = {
			isa = XCConfigurationList;
			buildConfigurations = (
				D410C2B32361E3E100C1973D /* Debug */,
				D410C2B42361E3E100C1973D /* Release */,
			);
			defaultConfigurationIsVisible = 0;
			defaultConfigurationName = Release;
		};
		D410C2B52361E3E100C1973D /* Build configuration list for PBXNativeTarget "GetReady" */ = {
			isa = XCConfigurationList;
			buildConfigurations = (
				D410C2B62361E3E100C1973D /* Debug */,
				D410C2B72361E3E100C1973D /* Release */,
			);
			defaultConfigurationIsVisible = 0;
			defaultConfigurationName = Release;
		};
/* End XCConfigurationList section */

/* Begin XCVersionGroup section */
		D410C2AA2361E3E000C1973D /* GetReady.xcdatamodeld */ = {
			isa = XCVersionGroup;
			children = (
				D410C2AB2361E3E000C1973D /* GetReady.xcdatamodel */,
			);
			currentVersion = D410C2AB2361E3E000C1973D /* GetReady.xcdatamodel */;
			path = GetReady.xcdatamodeld;
			sourceTree = "<group>";
			versionGroupType = wrapper.xcdatamodel;
		};
/* End XCVersionGroup section */
	};
	rootObject = D410C2962361E3E000C1973D /* Project object */;
}
